PODS:
  - Flutter (1.0.0)
  - UMCommon (7.3.3):
    - UMDevice
  - UMDevice (2.0.2)
  - umshare (0.0.1):
    - Flutter
    - UMCommon
    - UMDevice
    - UMShare/Social/AlipayShare
    - UMShare/Social/DingDing
    - UMShare/Social/DouYin
    - UMShare/Social/ReducedQQ
    - UMShare/Social/ReducedSina
  - UMShare/Core (6.10.3):
    - UMCommon
  - UMShare/Social/AlipayShare (6.10.3):
    - UMCommon
    - UMShare/Core
  - UMShare/Social/DingDing (6.10.3):
    - UMCommon
    - UMShare/Core
  - UMShare/Social/DouYin (6.10.3):
    - UMCommon
    - UMShare/Core
  - UMShare/Social/ReducedQQ (6.10.3):
    - UMCommon
    - UMShare/Core
  - UMShare/Social/ReducedSina (6.10.3):
    - UMCommon
    - UMShare/Core

DEPENDENCIES:
  - Flutter (from `Flutter`)
  - umshare (from `.symlinks/plugins/umshare/ios`)

SPEC REPOS:
  trunk:
    - UMCommon
    - UMDevice
    - UMShare

EXTERNAL SOURCES:
  Flutter:
    :path: Flutter
  umshare:
    :path: ".symlinks/plugins/umshare/ios"

SPEC CHECKSUMS:
  Flutter: f04841e97a9d0b0a8025694d0796dd46242b2854
  UMCommon: cf19d0137f91792f181d71f328d5469e1fbf538a
  UMDevice: c883577d50c382a33be6ca3dde25c7ed89298b6c
  UMShare: a3f9cb2d3ece67edd2c58331bd89bfffb289782b
  umshare: dac31c296db1b6e786fdc9f1d9e29b9a045d26e6

PODFILE CHECKSUM: 16bedaff52fc764294f185fa1e489835aa245ca6

COCOAPODS: 1.15.2
